
Microsoft Visual Studio Solution File, Format Version 12.00
# Visual Studio Version 17
VisualStudioVersion = 17.1.32328.378
MinimumVisualStudioVersion = 10.0.40219.1
Project("{FAE04EC0-301F-11D3-BF4B-00C04F79EFBC}") = "Car Racing Game", "Car Racing Game.csproj", "{DF66CC32-ECD8-4F50-AA89-66ACB6665568}"
EndProject
Global
	GlobalSection(SolutionConfigurationPlatforms) = preSolution
		Debug|Any CPU = Debug|Any CPU
		Release|Any CPU = Release|Any CPU
	EndGlobalSection
	GlobalSection(ProjectConfigurationPlatforms) = postSolution
		{DF66CC32-ECD8-4F50-AA89-66ACB6665568}.Debug|Any CPU.ActiveCfg = Debug|Any CPU
		{DF66CC32-ECD8-4F50-AA89-66ACB6665568}.Debug|Any CPU.Build.0 = Debug|Any CPU
		{DF66CC32-ECD8-4F50-AA89-66ACB6665568}.Release|Any CPU.ActiveCfg = Release|Any CPU
		{DF66CC32-ECD8-4F50-AA89-66ACB6665568}.Release|Any CPU.Build.0 = Release|Any CPU
	EndGlobalSection
	GlobalSection(SolutionProperties) = preSolution
		HideSolutionNode = FALSE
	EndGlobalSection
	GlobalSection(ExtensibilityGlobals) = postSolution
		SolutionGuid = {017D2BF2-3FDB-478F-AD2F-46E5CB43CC23}
	EndGlobalSection
EndGlobal
